
Microsoft Visual Studio Solution File, Format Version 12.00
# Visual Studio Version 17
VisualStudioVersion = 17.1.32421.90
MinimumVisualStudioVersion = 10.0.40219.1
Project("{FAE04EC0-301F-11D3-BF4B-00C04F79EFBC}") = "GMapQuest1", "GMapQuest1.csproj", "{1D483590-A289-440E-9E54-891C6A1A650E}"
EndProject
Global
	GlobalSection(SolutionConfigurationPlatforms) = preSolution
		Debug|Any CPU = Debug|Any CPU
		Release|Any CPU = Release|Any CPU
	EndGlobalSection
	GlobalSection(ProjectConfigurationPlatforms) = postSolution
		{1D483590-A289-440E-9E54-891C6A1A650E}.Debug|Any CPU.ActiveCfg = Debug|Any CPU
		{1D483590-A289-440E-9E54-891C6A1A650E}.Debug|Any CPU.Build.0 = Debug|Any CPU
		{1D483590-A289-440E-9E54-891C6A1A650E}.Release|Any CPU.ActiveCfg = Release|Any CPU
		{1D483590-A289-440E-9E54-891C6A1A650E}.Release|Any CPU.Build.0 = Release|Any CPU
	EndGlobalSection
	GlobalSection(SolutionProperties) = preSolution
		HideSolutionNode = FALSE
	EndGlobalSection
	GlobalSection(ExtensibilityGlobals) = postSolution
		SolutionGuid = {5C94F4A5-BB7E-43EF-AF37-E208DD9F03F0}
	EndGlobalSection
EndGlobal
